
Microsoft Visual Studio Solution File, Format Version 12.00
# Visual Studio Version 16
VisualStudioVersion = 16.0.30413.136
MinimumVisualStudioVersion = 10.0.40219.1
Project("{FAE04EC0-301F-11D3-BF4B-00C04F79EFBC}") = "POO ejercicio 1", "POO ejercicio 1\POO ejercicio 1.csproj", "{89C07ACD-4AB0-4E51-8AF9-7FC1F617080E}"
EndProject
Global
	GlobalSection(SolutionConfigurationPlatforms) = preSolution
		Debug|Any CPU = Debug|Any CPU
		Release|Any CPU = Release|Any CPU
	EndGlobalSection
	GlobalSection(ProjectConfigurationPlatforms) = postSolution
		{89C07ACD-4AB0-4E51-8AF9-7FC1F617080E}.Debug|Any CPU.ActiveCfg = Debug|Any CPU
		{89C07ACD-4AB0-4E51-8AF9-7FC1F617080E}.Debug|Any CPU.Build.0 = Debug|Any CPU
		{89C07ACD-4AB0-4E51-8AF9-7FC1F617080E}.Release|Any CPU.ActiveCfg = Release|Any CPU
		{89C07ACD-4AB0-4E51-8AF9-7FC1F617080E}.Release|Any CPU.Build.0 = Release|Any CPU
	EndGlobalSection
	GlobalSection(SolutionProperties) = preSolution
		HideSolutionNode = FALSE
	EndGlobalSection
	GlobalSection(ExtensibilityGlobals) = postSolution
		SolutionGuid = {C3B1BD10-07FF-4F48-9B60-94C3145F03B5}
	EndGlobalSection
EndGlobal
